
Microsoft Visual Studio Solution File, Format Version 12.00
# Visual Studio 15
VisualStudioVersion = 15.0.26430.6
MinimumVisualStudioVersion = 10.0.40219.1
Project("{FAE04EC0-301F-11D3-BF4B-00C04F79EFBC}") = "CustomAuthMiddlewareWebApp", "CustomAuthMiddlewareWebApp\CustomAuthMiddlewareWebApp.csproj", "{FD78EE29-C8C8-459C-B8BA-ECD1DECF6CE1}"
EndProject
Project("{FAE04EC0-301F-11D3-BF4B-00C04F79EFBC}") = "CustomAuthMiddlewareWebAPI", "CustomAuthMiddlewareWebAPI\CustomAuthMiddlewareWebAPI.csproj", "{24A79674-809B-45E1-A9E5-BAFE0F37DAFB}"
EndProject
Global
	GlobalSection(SolutionConfigurationPlatforms) = preSolution
		Debug|Any CPU = Debug|Any CPU
		Release|Any CPU = Release|Any CPU
	EndGlobalSection
	GlobalSection(ProjectConfigurationPlatforms) = postSolution
		{FD78EE29-C8C8-459C-B8BA-ECD1DECF6CE1}.Debug|Any CPU.ActiveCfg = Debug|Any CPU
		{FD78EE29-C8C8-459C-B8BA-ECD1DECF6CE1}.Debug|Any CPU.Build.0 = Debug|Any CPU
		{FD78EE29-C8C8-459C-B8BA-ECD1DECF6CE1}.Release|Any CPU.ActiveCfg = Release|Any CPU
		{FD78EE29-C8C8-459C-B8BA-ECD1DECF6CE1}.Release|Any CPU.Build.0 = Release|Any CPU
		{24A79674-809B-45E1-A9E5-BAFE0F37DAFB}.Debug|Any CPU.ActiveCfg = Debug|Any CPU
		{24A79674-809B-45E1-A9E5-BAFE0F37DAFB}.Debug|Any CPU.Build.0 = Debug|Any CPU
		{24A79674-809B-45E1-A9E5-BAFE0F37DAFB}.Release|Any CPU.ActiveCfg = Release|Any CPU
		{24A79674-809B-45E1-A9E5-BAFE0F37DAFB}.Release|Any CPU.Build.0 = Release|Any CPU
	EndGlobalSection
	GlobalSection(SolutionProperties) = preSolution
		HideSolutionNode = FALSE
	EndGlobalSection
EndGlobal
