
Microsoft Visual Studio Solution File, Format Version 12.00
# Visual Studio 14
VisualStudioVersion = 14.0.25420.1
MinimumVisualStudioVersion = 10.0.40219.1
Project("{2150E333-8FDC-42A3-9474-1A3956D46DE8}") = "Core", "Core", "{F257B1F7-B8D4-484D-9DE6-83A698B0FEA0}"
EndProject
Project("{2150E333-8FDC-42A3-9474-1A3956D46DE8}") = "Presentation", "Presentation", "{C44677C8-3226-4AA8-B362-DCE704C5D357}"
EndProject
Project("{FAE04EC0-301F-11D3-BF4B-00C04F79EFBC}") = "WPFDBCLM.BusinessLogic", "WPFDBCLM.BusinessLogic\WPFDBCLM.BusinessLogic.csproj", "{3287F533-1A96-4C9C-96FD-1D8E5AF92B31}"
EndProject
Project("{FAE04EC0-301F-11D3-BF4B-00C04F79EFBC}") = "WPFDBCLM.BusinessModel", "WPFDBCLM.BusinessModel\WPFDBCLM.BusinessModel.csproj", "{AC0883B2-BA69-49E8-9C9E-DBB99E9BA878}"
EndProject
Project("{FAE04EC0-301F-11D3-BF4B-00C04F79EFBC}") = "WPFDBCLM.Controllers", "WPFDBCLM.Controllers\WPFDBCLM.Controllers.csproj", "{0D349CAD-55E8-428F-8636-4A7AC9B32641}"
EndProject
Project("{FAE04EC0-301F-11D3-BF4B-00C04F79EFBC}") = "WPFDBCLM.DataAccess", "WPFDBCLM.DataAccess\WPFDBCLM.DataAccess.csproj", "{D4D0BF7F-63A7-400F-A271-821D6198BFAF}"
EndProject
Project("{FAE04EC0-301F-11D3-BF4B-00C04F79EFBC}") = "WPFDBCLM.DataAccess.EntityFramework", "WPFDBCLM.DataAccess.EntityFramework\WPFDBCLM.DataAccess.EntityFramework.csproj", "{5525149B-47B2-4F0D-BB80-FB4CC0DDF71D}"
EndProject
Project("{FAE04EC0-301F-11D3-BF4B-00C04F79EFBC}") = "WPFDBCLM.Infrastructure", "WPFDBCLM.Infrastructure\WPFDBCLM.Infrastructure.csproj", "{0181E5D5-6384-48F8-ACB4-43A19700B6D2}"
EndProject
Project("{2150E333-8FDC-42A3-9474-1A3956D46DE8}") = "UI", "UI", "{F59B9876-7692-4543-8246-8998E2E5084D}"
EndProject
Project("{FAE04EC0-301F-11D3-BF4B-00C04F79EFBC}") = "WPFDBCLM.Presentation.UI.WPF", "WPFDBCLM.Presentation.UI.WPF\WPFDBCLM.Presentation.UI.WPF.csproj", "{A4DAC3A2-7030-4A4F-BCEE-B1EE8155F047}"
EndProject
Project("{2150E333-8FDC-42A3-9474-1A3956D46DE8}") = "MI", "MI", "{772C8432-1EB2-44D9-A57C-581ED9410DF4}"
EndProject
Project("{2150E333-8FDC-42A3-9474-1A3956D46DE8}") = "Business", "Business", "{11ED1350-C2C4-4ADF-81C0-3B1F81922E54}"
EndProject
Project("{2150E333-8FDC-42A3-9474-1A3956D46DE8}") = "Commons", "Commons", "{67B567BA-503D-4242-B931-4C626D42BC5D}"
EndProject
Project("{2150E333-8FDC-42A3-9474-1A3956D46DE8}") = "Data", "Data", "{F15B0567-D786-4682-9023-0805B300B952}"
EndProject
Global
	GlobalSection(SolutionConfigurationPlatforms) = preSolution
		Debug|Any CPU = Debug|Any CPU
		Release|Any CPU = Release|Any CPU
	EndGlobalSection
	GlobalSection(ProjectConfigurationPlatforms) = postSolution
		{3287F533-1A96-4C9C-96FD-1D8E5AF92B31}.Debug|Any CPU.ActiveCfg = Debug|Any CPU
		{3287F533-1A96-4C9C-96FD-1D8E5AF92B31}.Debug|Any CPU.Build.0 = Debug|Any CPU
		{3287F533-1A96-4C9C-96FD-1D8E5AF92B31}.Release|Any CPU.ActiveCfg = Release|Any CPU
		{3287F533-1A96-4C9C-96FD-1D8E5AF92B31}.Release|Any CPU.Build.0 = Release|Any CPU
		{AC0883B2-BA69-49E8-9C9E-DBB99E9BA878}.Debug|Any CPU.ActiveCfg = Debug|Any CPU
		{AC0883B2-BA69-49E8-9C9E-DBB99E9BA878}.Debug|Any CPU.Build.0 = Debug|Any CPU
		{AC0883B2-BA69-49E8-9C9E-DBB99E9BA878}.Release|Any CPU.ActiveCfg = Release|Any CPU
		{AC0883B2-BA69-49E8-9C9E-DBB99E9BA878}.Release|Any CPU.Build.0 = Release|Any CPU
		{0D349CAD-55E8-428F-8636-4A7AC9B32641}.Debug|Any CPU.ActiveCfg = Debug|Any CPU
		{0D349CAD-55E8-428F-8636-4A7AC9B32641}.Debug|Any CPU.Build.0 = Debug|Any CPU
		{0D349CAD-55E8-428F-8636-4A7AC9B32641}.Release|Any CPU.ActiveCfg = Release|Any CPU
		{0D349CAD-55E8-428F-8636-4A7AC9B32641}.Release|Any CPU.Build.0 = Release|Any CPU
		{D4D0BF7F-63A7-400F-A271-821D6198BFAF}.Debug|Any CPU.ActiveCfg = Debug|Any CPU
		{D4D0BF7F-63A7-400F-A271-821D6198BFAF}.Debug|Any CPU.Build.0 = Debug|Any CPU
		{D4D0BF7F-63A7-400F-A271-821D6198BFAF}.Release|Any CPU.ActiveCfg = Release|Any CPU
		{D4D0BF7F-63A7-400F-A271-821D6198BFAF}.Release|Any CPU.Build.0 = Release|Any CPU
		{5525149B-47B2-4F0D-BB80-FB4CC0DDF71D}.Debug|Any CPU.ActiveCfg = Debug|Any CPU
		{5525149B-47B2-4F0D-BB80-FB4CC0DDF71D}.Debug|Any CPU.Build.0 = Debug|Any CPU
		{5525149B-47B2-4F0D-BB80-FB4CC0DDF71D}.Release|Any CPU.ActiveCfg = Release|Any CPU
		{5525149B-47B2-4F0D-BB80-FB4CC0DDF71D}.Release|Any CPU.Build.0 = Release|Any CPU
		{0181E5D5-6384-48F8-ACB4-43A19700B6D2}.Debug|Any CPU.ActiveCfg = Debug|Any CPU
		{0181E5D5-6384-48F8-ACB4-43A19700B6D2}.Debug|Any CPU.Build.0 = Debug|Any CPU
		{0181E5D5-6384-48F8-ACB4-43A19700B6D2}.Release|Any CPU.ActiveCfg = Release|Any CPU
		{0181E5D5-6384-48F8-ACB4-43A19700B6D2}.Release|Any CPU.Build.0 = Release|Any CPU
		{A4DAC3A2-7030-4A4F-BCEE-B1EE8155F047}.Debug|Any CPU.ActiveCfg = Debug|Any CPU
		{A4DAC3A2-7030-4A4F-BCEE-B1EE8155F047}.Debug|Any CPU.Build.0 = Debug|Any CPU
		{A4DAC3A2-7030-4A4F-BCEE-B1EE8155F047}.Release|Any CPU.ActiveCfg = Release|Any CPU
		{A4DAC3A2-7030-4A4F-BCEE-B1EE8155F047}.Release|Any CPU.Build.0 = Release|Any CPU
	EndGlobalSection
	GlobalSection(SolutionProperties) = preSolution
		HideSolutionNode = FALSE
	EndGlobalSection
	GlobalSection(NestedProjects) = preSolution
		{3287F533-1A96-4C9C-96FD-1D8E5AF92B31} = {11ED1350-C2C4-4ADF-81C0-3B1F81922E54}
		{AC0883B2-BA69-49E8-9C9E-DBB99E9BA878} = {11ED1350-C2C4-4ADF-81C0-3B1F81922E54}
		{0D349CAD-55E8-428F-8636-4A7AC9B32641} = {F257B1F7-B8D4-484D-9DE6-83A698B0FEA0}
		{D4D0BF7F-63A7-400F-A271-821D6198BFAF} = {F15B0567-D786-4682-9023-0805B300B952}
		{5525149B-47B2-4F0D-BB80-FB4CC0DDF71D} = {F15B0567-D786-4682-9023-0805B300B952}
		{0181E5D5-6384-48F8-ACB4-43A19700B6D2} = {67B567BA-503D-4242-B931-4C626D42BC5D}
		{F59B9876-7692-4543-8246-8998E2E5084D} = {C44677C8-3226-4AA8-B362-DCE704C5D357}
		{A4DAC3A2-7030-4A4F-BCEE-B1EE8155F047} = {F59B9876-7692-4543-8246-8998E2E5084D}
		{772C8432-1EB2-44D9-A57C-581ED9410DF4} = {C44677C8-3226-4AA8-B362-DCE704C5D357}
		{11ED1350-C2C4-4ADF-81C0-3B1F81922E54} = {F257B1F7-B8D4-484D-9DE6-83A698B0FEA0}
		{67B567BA-503D-4242-B931-4C626D42BC5D} = {F257B1F7-B8D4-484D-9DE6-83A698B0FEA0}
		{F15B0567-D786-4682-9023-0805B300B952} = {F257B1F7-B8D4-484D-9DE6-83A698B0FEA0}
	EndGlobalSection
	GlobalSection(TeamFoundationVersionControl) = preSolution
		SccNumberOfProjects = 8
		SccEnterpriseProvider = {4CA58AB2-18FA-4F8D-95D4-32DDF27D184C}
		SccTeamFoundationServer = http://dsvpaeitfs:8080/tfs/projetstransverses
		SccLocalPath0 = .
		SccProjectUniqueName1 = WPFDBCLM.BusinessLogic\\WPFDBCLM.BusinessLogic.csproj
		SccProjectTopLevelParentUniqueName1 = WPFDBContextLifecycleManagementSolution.sln
		SccProjectName1 = WPFDBCLM.BusinessLogic
		SccLocalPath1 = WPFDBCLM.BusinessLogic
		SccProjectUniqueName2 = WPFDBCLM.BusinessModel\\WPFDBCLM.BusinessModel.csproj
		SccProjectTopLevelParentUniqueName2 = WPFDBContextLifecycleManagementSolution.sln
		SccProjectName2 = WPFDBCLM.BusinessModel
		SccLocalPath2 = WPFDBCLM.BusinessModel
		SccProjectUniqueName3 = WPFDBCLM.Controllers\\WPFDBCLM.Controllers.csproj
		SccProjectTopLevelParentUniqueName3 = WPFDBContextLifecycleManagementSolution.sln
		SccProjectName3 = WPFDBCLM.Controllers
		SccLocalPath3 = WPFDBCLM.Controllers
		SccProjectUniqueName4 = WPFDBCLM.DataAccess.EntityFramework\\WPFDBCLM.DataAccess.EntityFramework.csproj
		SccProjectTopLevelParentUniqueName4 = WPFDBContextLifecycleManagementSolution.sln
		SccProjectName4 = WPFDBCLM.DataAccess.EntityFramework
		SccLocalPath4 = WPFDBCLM.DataAccess.EntityFramework
		SccProjectUniqueName5 = WPFDBCLM.DataAccess\\WPFDBCLM.DataAccess.csproj
		SccProjectTopLevelParentUniqueName5 = WPFDBContextLifecycleManagementSolution.sln
		SccProjectName5 = WPFDBCLM.DataAccess
		SccLocalPath5 = WPFDBCLM.DataAccess
		SccProjectUniqueName6 = WPFDBCLM.Infrastructure\\WPFDBCLM.Infrastructure.csproj
		SccProjectTopLevelParentUniqueName6 = WPFDBContextLifecycleManagementSolution.sln
		SccProjectName6 = WPFDBCLM.Infrastructure
		SccLocalPath6 = WPFDBCLM.Infrastructure
		SccProjectUniqueName7 = WPFDBCLM.Presentation.UI.WPF\\WPFDBCLM.Presentation.UI.WPF.csproj
		SccProjectTopLevelParentUniqueName7 = WPFDBContextLifecycleManagementSolution.sln
		SccProjectName7 = WPFDBCLM.Presentation.UI.WPF
		SccLocalPath7 = WPFDBCLM.Presentation.UI.WPF
	EndGlobalSection
EndGlobal
